
Microsoft Visual Studio Solution File, Format Version 12.00
# Visual Studio Version 16
VisualStudioVersion = 16.0.31410.357
MinimumVisualStudioVersion = 10.0.40219.1
Project("{FAE04EC0-301F-11D3-BF4B-00C04F79EFBC}") = "ATM Software", "ATM Software.csproj", "{A848EE49-E173-41BA-AECF-92AD317E618B}"
EndProject
Global
	GlobalSection(SolutionConfigurationPlatforms) = preSolution
		Debug|Any CPU = Debug|Any CPU
		Release|Any CPU = Release|Any CPU
	EndGlobalSection
	GlobalSection(ProjectConfigurationPlatforms) = postSolution
		{A848EE49-E173-41BA-AECF-92AD317E618B}.Debug|Any CPU.ActiveCfg = Debug|Any CPU
		{A848EE49-E173-41BA-AECF-92AD317E618B}.Debug|Any CPU.Build.0 = Debug|Any CPU
		{A848EE49-E173-41BA-AECF-92AD317E618B}.Release|Any CPU.ActiveCfg = Release|Any CPU
		{A848EE49-E173-41BA-AECF-92AD317E618B}.Release|Any CPU.Build.0 = Release|Any CPU
	EndGlobalSection
	GlobalSection(SolutionProperties) = preSolution
		HideSolutionNode = FALSE
	EndGlobalSection
	GlobalSection(ExtensibilityGlobals) = postSolution
		SolutionGuid = {B20966C4-7C57-44A2-82B4-58C44C7C68CF}
	EndGlobalSection
EndGlobal
